
Microsoft Visual Studio Solution File, Format Version 12.00
# Visual Studio 15
VisualStudioVersion = 15.0.27130.2036
MinimumVisualStudioVersion = 10.0.40219.1
Project("{FAE04EC0-301F-11D3-BF4B-00C04F79EFBC}") = "Model", "Model\Model.csproj", "{C92373EA-87AC-443A-A307-207F5A7FF9CF}"
EndProject
Project("{FAE04EC0-301F-11D3-BF4B-00C04F79EFBC}") = "ViewModel", "ViewModel\ViewModel.csproj", "{1A1EDB8E-F56C-4CF2-B0F9-364523634D9F}"
EndProject
Project("{FAE04EC0-301F-11D3-BF4B-00C04F79EFBC}") = "TestWpf", "TestWpf\TestWpf.csproj", "{141CB4FE-6133-47C2-A8B9-5E91C807887D}"
EndProject
Project("{FAE04EC0-301F-11D3-BF4B-00C04F79EFBC}") = "BLL", "BLL\BLL.csproj", "{8C6CBD53-9249-4A22-9DC8-A113AB33DC4B}"
EndProject
Project("{00D1A9C2-B5F0-4AF3-8072-F6C62B433612}") = "WPFBD", "WPFBD\WPFBD.sqlproj", "{32DC4EBB-DF30-4095-816D-975B10391B08}"
EndProject
Project("{FAE04EC0-301F-11D3-BF4B-00C04F79EFBC}") = "BLLServiceTests", "BLLServiceTests\BLLServiceTests.csproj", "{42A674A3-3622-42E8-A54F-3FB0F2D40A3F}"
EndProject
Project("{FAE04EC0-301F-11D3-BF4B-00C04F79EFBC}") = "OutlookLocalization", "OutlookLocalization\OutlookLocalization.csproj", "{3F3D6360-68A8-4403-A597-551768428C79}"
EndProject
Project("{FAE04EC0-301F-11D3-BF4B-00C04F79EFBC}") = "WCFApp", "WCFApp\WCFApp.csproj", "{E4ACB4F4-EA25-4454-A460-A7797DB3EDDE}"
EndProject
Global
	GlobalSection(SolutionConfigurationPlatforms) = preSolution
		Debug|Any CPU = Debug|Any CPU
		Release|Any CPU = Release|Any CPU
	EndGlobalSection
	GlobalSection(ProjectConfigurationPlatforms) = postSolution
		{C92373EA-87AC-443A-A307-207F5A7FF9CF}.Debug|Any CPU.ActiveCfg = Debug|Any CPU
		{C92373EA-87AC-443A-A307-207F5A7FF9CF}.Debug|Any CPU.Build.0 = Debug|Any CPU
		{C92373EA-87AC-443A-A307-207F5A7FF9CF}.Release|Any CPU.ActiveCfg = Release|Any CPU
		{C92373EA-87AC-443A-A307-207F5A7FF9CF}.Release|Any CPU.Build.0 = Release|Any CPU
		{1A1EDB8E-F56C-4CF2-B0F9-364523634D9F}.Debug|Any CPU.ActiveCfg = Debug|Any CPU
		{1A1EDB8E-F56C-4CF2-B0F9-364523634D9F}.Debug|Any CPU.Build.0 = Debug|Any CPU
		{1A1EDB8E-F56C-4CF2-B0F9-364523634D9F}.Release|Any CPU.ActiveCfg = Release|Any CPU
		{1A1EDB8E-F56C-4CF2-B0F9-364523634D9F}.Release|Any CPU.Build.0 = Release|Any CPU
		{141CB4FE-6133-47C2-A8B9-5E91C807887D}.Debug|Any CPU.ActiveCfg = Debug|Any CPU
		{141CB4FE-6133-47C2-A8B9-5E91C807887D}.Debug|Any CPU.Build.0 = Debug|Any CPU
		{141CB4FE-6133-47C2-A8B9-5E91C807887D}.Release|Any CPU.ActiveCfg = Release|Any CPU
		{141CB4FE-6133-47C2-A8B9-5E91C807887D}.Release|Any CPU.Build.0 = Release|Any CPU
		{8C6CBD53-9249-4A22-9DC8-A113AB33DC4B}.Debug|Any CPU.ActiveCfg = Debug|Any CPU
		{8C6CBD53-9249-4A22-9DC8-A113AB33DC4B}.Debug|Any CPU.Build.0 = Debug|Any CPU
		{8C6CBD53-9249-4A22-9DC8-A113AB33DC4B}.Release|Any CPU.ActiveCfg = Release|Any CPU
		{8C6CBD53-9249-4A22-9DC8-A113AB33DC4B}.Release|Any CPU.Build.0 = Release|Any CPU
		{32DC4EBB-DF30-4095-816D-975B10391B08}.Debug|Any CPU.ActiveCfg = Debug|Any CPU
		{32DC4EBB-DF30-4095-816D-975B10391B08}.Debug|Any CPU.Build.0 = Debug|Any CPU
		{32DC4EBB-DF30-4095-816D-975B10391B08}.Debug|Any CPU.Deploy.0 = Debug|Any CPU
		{32DC4EBB-DF30-4095-816D-975B10391B08}.Release|Any CPU.ActiveCfg = Release|Any CPU
		{32DC4EBB-DF30-4095-816D-975B10391B08}.Release|Any CPU.Build.0 = Release|Any CPU
		{32DC4EBB-DF30-4095-816D-975B10391B08}.Release|Any CPU.Deploy.0 = Release|Any CPU
		{42A674A3-3622-42E8-A54F-3FB0F2D40A3F}.Debug|Any CPU.ActiveCfg = Debug|Any CPU
		{42A674A3-3622-42E8-A54F-3FB0F2D40A3F}.Debug|Any CPU.Build.0 = Debug|Any CPU
		{42A674A3-3622-42E8-A54F-3FB0F2D40A3F}.Release|Any CPU.ActiveCfg = Release|Any CPU
		{42A674A3-3622-42E8-A54F-3FB0F2D40A3F}.Release|Any CPU.Build.0 = Release|Any CPU
		{3F3D6360-68A8-4403-A597-551768428C79}.Debug|Any CPU.ActiveCfg = Debug|Any CPU
		{3F3D6360-68A8-4403-A597-551768428C79}.Debug|Any CPU.Build.0 = Debug|Any CPU
		{3F3D6360-68A8-4403-A597-551768428C79}.Release|Any CPU.ActiveCfg = Release|Any CPU
		{3F3D6360-68A8-4403-A597-551768428C79}.Release|Any CPU.Build.0 = Release|Any CPU
		{E4ACB4F4-EA25-4454-A460-A7797DB3EDDE}.Debug|Any CPU.ActiveCfg = Debug|Any CPU
		{E4ACB4F4-EA25-4454-A460-A7797DB3EDDE}.Debug|Any CPU.Build.0 = Debug|Any CPU
		{E4ACB4F4-EA25-4454-A460-A7797DB3EDDE}.Release|Any CPU.ActiveCfg = Release|Any CPU
		{E4ACB4F4-EA25-4454-A460-A7797DB3EDDE}.Release|Any CPU.Build.0 = Release|Any CPU
	EndGlobalSection
	GlobalSection(SolutionProperties) = preSolution
		HideSolutionNode = FALSE
	EndGlobalSection
	GlobalSection(ExtensibilityGlobals) = postSolution
		SolutionGuid = {2E65D24E-121A-40CE-B762-0058682809B5}
	EndGlobalSection
	GlobalSection(TeamFoundationVersionControl) = preSolution
		SccNumberOfProjects = 9
		SccEnterpriseProvider = {4CA58AB2-18FA-4F8D-95D4-32DDF27D184C}
		SccTeamFoundationServer = http://epbygrow0335:8079/tfs/defaultcollection
		SccLocalPath0 = .
		SccProjectUniqueName1 = BLL\\BLL.csproj
		SccProjectName1 = BLL
		SccLocalPath1 = BLL
		SccProjectUniqueName2 = BLLServiceTests\\BLLServiceTests.csproj
		SccProjectName2 = BLLServiceTests
		SccLocalPath2 = BLLServiceTests
		SccProjectUniqueName3 = Model\\Model.csproj
		SccProjectName3 = Model
		SccLocalPath3 = Model
		SccProjectUniqueName4 = OutlookLocalization\\OutlookLocalization.csproj
		SccProjectName4 = OutlookLocalization
		SccLocalPath4 = OutlookLocalization
		SccProjectUniqueName5 = TestWpf\\TestWpf.csproj
		SccProjectName5 = TestWpf
		SccLocalPath5 = TestWpf
		SccProjectUniqueName6 = ViewModel\\ViewModel.csproj
		SccProjectName6 = ViewModel
		SccLocalPath6 = ViewModel
		SccProjectUniqueName7 = WCFApp\\WCFApp.csproj
		SccProjectName7 = WCFApp
		SccLocalPath7 = WCFApp
		SccProjectUniqueName8 = WPFBD\\WPFBD.sqlproj
		SccProjectName8 = WPFBD
		SccLocalPath8 = WPFBD
	EndGlobalSection
EndGlobal
